// !$*UTF8*$!
{
	archiveVersion = 1;
	classes = {
	};
	objectVersion = 50;
	objects = {

/* Begin PBXBuildFile section */
		041A5D1A22AF888F00AF127B /* AppDelegate.swift in Sources */ = {isa = PBXBuildFile; fileRef = 041A5D1922AF888F00AF127B /* AppDelegate.swift */; };
		041A5D1C22AF888F00AF127B /* ViewController.swift in Sources */ = {isa = PBXBuildFile; fileRef = 041A5D1B22AF888F00AF127B /* ViewController.swift */; };
		041A5D1F22AF888F00AF127B /* Main.storyboard in Resources */ = {isa = PBXBuildFile; fileRef = 041A5D1D22AF888F00AF127B /* Main.storyboard */; };
		041A5D2122AF889000AF127B /* Assets.xcassets in Resources */ = {isa = PBXBuildFile; fileRef = 041A5D2022AF889000AF127B /* Assets.xcassets */; };
		041A5D2422AF889000AF127B /* LaunchScreen.storyboard in Resources */ = {isa = PBXBuildFile; fileRef = 041A5D2222AF889000AF127B /* LaunchScreen.storyboard */; };
		041A5D2F22AF889000AF127B /* imageViewAndURLTests.swift in Sources */ = {isa = PBXBuildFile; fileRef = 041A5D2E22AF889000AF127B /* imageViewAndURLTests.swift */; };
		041A5D3A22AF889000AF127B /* imageViewAndURLUITests.swift in Sources */ = {isa = PBXBuildFile; fileRef = 041A5D3922AF889000AF127B /* imageViewAndURLUITests.swift */; };
/* End PBXBuildFile section */

/* Begin PBXContainerItemProxy section */
		041A5D2B22AF889000AF127B /* PBXContainerItemProxy */ = {
			isa = PBXContainerItemProxy;
			containerPortal = 041A5D0E22AF888F00AF127B /* Project object */;
			proxyType = 1;
			remoteGlobalIDString = 041A5D1522AF888F00AF127B;
			remoteInfo = imageViewAndURL;
		};
		041A5D3622AF889000AF127B /* PBXContainerItemProxy */ = {
			isa = PBXContainerItemProxy;
			containerPortal = 041A5D0E22AF888F00AF127B /* Project object */;
			proxyType = 1;
			remoteGlobalIDString = 041A5D1522AF888F00AF127B;
			remoteInfo = imageViewAndURL;
		};
/* End PBXContainerItemProxy section */

/* Begin PBXFileReference section */
		041A5D1622AF888F00AF127B /* imageViewAndURL.app */ = {isa = PBXFileReference; explicitFileType = wrapper.application; includeInIndex = 0; path = imageViewAndURL.app; sourceTree = BUILT_PRODUCTS_DIR; };
		041A5D1922AF888F00AF127B /* AppDelegate.swift */ = {isa = PBXFileReference; lastKnownFileType = sourcecode.swift; path = AppDelegate.swift; sourceTree = "<group>"; };
		041A5D1B22AF888F00AF127B /* ViewController.swift */ = {isa = PBXFileReference; lastKnownFileType = sourcecode.swift; path = ViewController.swift; sourceTree = "<group>"; };
		041A5D1E22AF888F00AF127B /* Base */ = {isa = PBXFileReference; lastKnownFileType = file.storyboard; name = Base; path = Base.lproj/Main.storyboard; sourceTree = "<group>"; };
		041A5D2022AF889000AF127B /* Assets.xcassets */ = {isa = PBXFileReference; lastKnownFileType = folder.assetcatalog; path = Assets.xcassets; sourceTree = "<group>"; };
		041A5D2322AF889000AF127B /* Base */ = {isa = PBXFileReference; lastKnownFileType = file.storyboard; name = Base; path = Base.lproj/LaunchScreen.storyboard; sourceTree = "<group>"; };
		041A5D2522AF889000AF127B /* Info.plist */ = {isa = PBXFileReference; lastKnownFileType = text.plist.xml; path = Info.plist; sourceTree = "<group>"; };
		041A5D2A22AF889000AF127B /* imageViewAndURLTests.xctest */ = {isa = PBXFileReference; explicitFileType = wrapper.cfbundle; includeInIndex = 0; path = imageViewAndURLTests.xctest; sourceTree = BUILT_PRODUCTS_DIR; };
		041A5D2E22AF889000AF127B /* imageViewAndURLTests.swift */ = {isa = PBXFileReference; lastKnownFileType = sourcecode.swift; path = imageViewAndURLTests.swift; sourceTree = "<group>"; };
		041A5D3022AF889000AF127B /* Info.plist */ = {isa = PBXFileReference; lastKnownFileType = text.plist.xml; path = Info.plist; sourceTree = "<group>"; };
		041A5D3522AF889000AF127B /* imageViewAndURLUITests.xctest */ = {isa = PBXFileReference; explicitFileType = wrapper.cfbundle; includeInIndex = 0; path = imageViewAndURLUITests.xctest; sourceTree = BUILT_PRODUCTS_DIR; };
		041A5D3922AF889000AF127B /* imageViewAndURLUITests.swift */ = {isa = PBXFileReference; lastKnownFileType = sourcecode.swift; path = imageViewAndURLUITests.swift; sourceTree = "<group>"; };
		041A5D3B22AF889000AF127B /* Info.plist */ = {isa = PBXFileReference; lastKnownFileType = text.plist.xml; path = Info.plist; sourceTree = "<group>"; };
/* End PBXFileReference section */

/* Begin PBXFrameworksBuildPhase section */
		041A5D1322AF888F00AF127B /* Frameworks */ = {
			isa = PBXFrameworksBuildPhase;
			buildActionMask = 2147483647;
			files = (
			);
			runOnlyForDeploymentPostprocessing = 0;
		};
		041A5D2722AF889000AF127B /* Frameworks */ = {
			isa = PBXFrameworksBuildPhase;
			buildActionMask = 2147483647;
			files = (
			);
			runOnlyForDeploymentPostprocessing = 0;
		};
		041A5D3222AF889000AF127B /* Frameworks */ = {
			isa = PBXFrameworksBuildPhase;
			buildActionMask = 2147483647;
			files = (
			);
			runOnlyForDeploymentPostprocessing = 0;
		};
/* End PBXFrameworksBuildPhase section */

/* Begin PBXGroup section */
		041A5D0D22AF888F00AF127B = {
			isa = PBXGroup;
			children = (
				041A5D1822AF888F00AF127B /* imageViewAndURL */,
				041A5D2D22AF889000AF127B /* imageViewAndURLTests */,
				041A5D3822AF889000AF127B /* imageViewAndURLUITests */,
				041A5D1722AF888F00AF127B /* Products */,
			);
			sourceTree = "<group>";
		};
		041A5D1722AF888F00AF127B /* Products */ = {
			isa = PBXGroup;
			children = (
				041A5D1622AF888F00AF127B /* imageViewAndURL.app */,
				041A5D2A22AF889000AF127B /* imageViewAndURLTests.xctest */,
				041A5D3522AF889000AF127B /* imageViewAndURLUITests.xctest */,
			);
			name = Products;
			sourceTree = "<group>";
		};
		041A5D1822AF888F00AF127B /* imageViewAndURL */ = {
			isa = PBXGroup;
			children = (
				041A5D1922AF888F00AF127B /* AppDelegate.swift */,
				041A5D1B22AF888F00AF127B /* ViewController.swift */,
				041A5D1D22AF888F00AF127B /* Main.storyboard */,
				041A5D2022AF889000AF127B /* Assets.xcassets */,
				041A5D2222AF889000AF127B /* LaunchScreen.storyboard */,
				041A5D2522AF889000AF127B /* Info.plist */,
			);
			path = imageViewAndURL;
			sourceTree = "<group>";
		};
		041A5D2D22AF889000AF127B /* imageViewAndURLTests */ = {
			isa = PBXGroup;
			children = (
				041A5D2E22AF889000AF127B /* imageViewAndURLTests.swift */,
				041A5D3022AF889000AF127B /* Info.plist */,
			);
			path = imageViewAndURLTests;
			sourceTree = "<group>";
		};
		041A5D3822AF889000AF127B /* imageViewAndURLUITests */ = {
			isa = PBXGroup;
			children = (
				041A5D3922AF889000AF127B /* imageViewAndURLUITests.swift */,
				041A5D3B22AF889000AF127B /* Info.plist */,
			);
			path = imageViewAndURLUITests;
			sourceTree = "<group>";
		};
/* End PBXGroup section */

/* Begin PBXNativeTarget section */
		041A5D1522AF888F00AF127B /* imageViewAndURL */ = {
			isa = PBXNativeTarget;
			buildConfigurationList = 041A5D3E22AF889000AF127B /* Build configuration list for PBXNativeTarget "imageViewAndURL" */;
			buildPhases = (
				041A5D1222AF888F00AF127B /* Sources */,
				041A5D1322AF888F00AF127B /* Frameworks */,
				041A5D1422AF888F00AF127B /* Resources */,
			);
			buildRules = (
			);
			dependencies = (
			);
			name = imageViewAndURL;
			productName = imageViewAndURL;
			productReference = 041A5D1622AF888F00AF127B /* imageViewAndURL.app */;
			productType = "com.apple.product-type.application";
		};
		041A5D2922AF889000AF127B /* imageViewAndURLTests */ = {
			isa = PBXNativeTarget;
			buildConfigurationList = 041A5D4122AF889000AF127B /* Build configuration list for PBXNativeTarget "imageViewAndURLTests" */;
			buildPhases = (
				041A5D2622AF889000AF127B /* Sources */,
				041A5D2722AF889000AF127B /* Frameworks */,
				041A5D2822AF889000AF127B /* Resources */,
			);
			buildRules = (
			);
			dependencies = (
				041A5D2C22AF889000AF127B /* PBXTargetDependency */,
			);
			name = imageViewAndURLTests;
			productName = imageViewAndURLTests;
			productReference = 041A5D2A22AF889000AF127B /* imageViewAndURLTests.xctest */;
			productType = "com.apple.product-type.bundle.unit-test";
		};
		041A5D3422AF889000AF127B /* imageViewAndURLUITests */ = {
			isa = PBXNativeTarget;
			buildConfigurationList = 041A5D4422AF889000AF127B /* Build configuration list for PBXNativeTarget "imageViewAndURLUITests" */;
			buildPhases = (
				041A5D3122AF889000AF127B /* Sources */,
				041A5D3222AF889000AF127B /* Frameworks */,
				041A5D3322AF889000AF127B /* Resources */,
			);
			buildRules = (
			);
			dependencies = (
				041A5D3722AF889000AF127B /* PBXTargetDependency */,
			);
			name = imageViewAndURLUITests;
			productName = imageViewAndURLUITests;
			productReference = 041A5D3522AF889000AF127B /* imageViewAndURLUITests.xctest */;
			productType = "com.apple.product-type.bundle.ui-testing";
		};
/* End PBXNativeTarget section */

/* Begin PBXProject section */
		041A5D0E22AF888F00AF127B /* Project object */ = {
			isa = PBXProject;
			attributes = {
				LastSwiftUpdateCheck = 0930;
				LastUpgradeCheck = 0930;
				ORGANIZATIONNAME = gammastack;
				TargetAttributes = {
					041A5D1522AF888F00AF127B = {
						CreatedOnToolsVersion = 9.3;
					};
					041A5D2922AF889000AF127B = {
						CreatedOnToolsVersion = 9.3;
						TestTargetID = 041A5D1522AF888F00AF127B;
					};
					041A5D3422AF889000AF127B = {
						CreatedOnToolsVersion = 9.3;
						TestTargetID = 041A5D1522AF888F00AF127B;
					};
				};
			};
			buildConfigurationList = 041A5D1122AF888F00AF127B /* Build configuration list for PBXProject "imageViewAndURL" */;
			compatibilityVersion = "Xcode 9.3";
			developmentRegion = en;
			hasScannedForEncodings = 0;
			knownRegions = (
				en,
				Base,
			);
			mainGroup = 041A5D0D22AF888F00AF127B;
			productRefGroup = 041A5D1722AF888F00AF127B /* Products */;
			projectDirPath = "";
			projectRoot = "";
			targets = (
				041A5D1522AF888F00AF127B /* imageViewAndURL */,
				041A5D2922AF889000AF127B /* imageViewAndURLTests */,
				041A5D3422AF889000AF127B /* imageViewAndURLUITests */,
			);
		};
/* End PBXProject section */

/* Begin PBXResourcesBuildPhase section */
		041A5D1422AF888F00AF127B /* Resources */ = {
			isa = PBXResourcesBuildPhase;
			buildActionMask = 2147483647;
			files = (
				041A5D2422AF889000AF127B /* LaunchScreen.storyboard in Resources */,
				041A5D2122AF889000AF127B /* Assets.xcassets in Resources */,
				041A5D1F22AF888F00AF127B /* Main.storyboard in Resources */,
			);
			runOnlyForDeploymentPostprocessing = 0;
		};
		041A5D2822AF889000AF127B /* Resources */ = {
			isa = PBXResourcesBuildPhase;
			buildActionMask = 2147483647;
			files = (
			);
			runOnlyForDeploymentPostprocessing = 0;
		};
		041A5D3322AF889000AF127B /* Resources */ = {
			isa = PBXResourcesBuildPhase;
			buildActionMask = 2147483647;
			files = (
			);
			runOnlyForDeploymentPostprocessing = 0;
		};
/* End PBXResourcesBuildPhase section */

/* Begin PBXSourcesBuildPhase section */
		041A5D1222AF888F00AF127B /* Sources */ = {
			isa = PBXSourcesBuildPhase;
			buildActionMask = 2147483647;
			files = (
				041A5D1C22AF888F00AF127B /* ViewController.swift in Sources */,
				041A5D1A22AF888F00AF127B /* AppDelegate.swift in Sources */,
			);
			runOnlyForDeploymentPostprocessing = 0;
		};
		041A5D2622AF889000AF127B /* Sources */ = {
			isa = PBXSourcesBuildPhase;
			buildActionMask = 2147483647;
			files = (
				041A5D2F22AF889000AF127B /* imageViewAndURLTests.swift in Sources */,
			);
			runOnlyForDeploymentPostprocessing = 0;
		};
		041A5D3122AF889000AF127B /* Sources */ = {
			isa = PBXSourcesBuildPhase;
			buildActionMask = 2147483647;
			files = (
				041A5D3A22AF889000AF127B /* imageViewAndURLUITests.swift in Sources */,
			);
			runOnlyForDeploymentPostprocessing = 0;
		};
/* End PBXSourcesBuildPhase section */

/* Begin PBXTargetDependency section */
		041A5D2C22AF889000AF127B /* PBXTargetDependency */ = {
			isa = PBXTargetDependency;
			target = 041A5D1522AF888F00AF127B /* imageViewAndURL */;
			targetProxy = 041A5D2B22AF889000AF127B /* PBXContainerItemProxy */;
		};
		041A5D3722AF889000AF127B /* PBXTargetDependency */ = {
			isa = PBXTargetDependency;
			target = 041A5D1522AF888F00AF127B /* imageViewAndURL */;
			targetProxy = 041A5D3622AF889000AF127B /* PBXContainerItemProxy */;
		};
/* End PBXTargetDependency section */

/* Begin PBXVariantGroup section */
		041A5D1D22AF888F00AF127B /* Main.storyboard */ = {
			isa = PBXVariantGroup;
			children = (
				041A5D1E22AF888F00AF127B /* Base */,
			);
			name = Main.storyboard;
			sourceTree = "<group>";
		};
		041A5D2222AF889000AF127B /* LaunchScreen.storyboard */ = {
			isa = PBXVariantGroup;
			children = (
				041A5D2322AF889000AF127B /* Base */,
			);
			name = LaunchScreen.storyboard;
			sourceTree = "<group>";
		};
/* End PBXVariantGroup section */

/* Begin XCBuildConfiguration section */
		041A5D3C22AF889000AF127B /* Debug */ = {
			isa = XCBuildConfiguration;
			buildSettings = {
				ALWAYS_SEARCH_USER_PATHS = NO;
				CLANG_ANALYZER_NONNULL = YES;
				CLANG_ANALYZER_NUMBER_OBJECT_CONVERSION = YES_AGGRESSIVE;
				CLANG_CXX_LANGUAGE_STANDARD = "gnu++14";
				CLANG_CXX_LIBRARY = "libc++";
				CLANG_ENABLE_MODULES = YES;
				CLANG_ENABLE_OBJC_ARC = YES;
				CLANG_ENABLE_OBJC_WEAK = YES;
				CLANG_WARN_BLOCK_CAPTURE_AUTORELEASING = YES;
				CLANG_WARN_BOOL_CONVERSION = YES;
				CLANG_WARN_COMMA = YES;
				CLANG_WARN_CONSTANT_CONVERSION = YES;
				CLANG_WARN_DEPRECATED_OBJC_IMPLEMENTATIONS = YES;
				CLANG_WARN_DIRECT_OBJC_ISA_USAGE = YES_ERROR;
				CLANG_WARN_DOCUMENTATION_COMMENTS = YES;
				CLANG_WARN_EMPTY_BODY = YES;
				CLANG_WARN_ENUM_CONVERSION = YES;
				CLANG_WARN_INFINITE_RECURSION = YES;
				CLANG_WARN_INT_CONVERSION = YES;
				CLANG_WARN_NON_LITERAL_NULL_CONVERSION = YES;
				CLANG_WARN_OBJC_IMPLICIT_RETAIN_SELF = YES;
				CLANG_WARN_OBJC_LITERAL_CONVERSION = YES;
				CLANG_WARN_OBJC_ROOT_CLASS = YES_ERROR;
				CLANG_WARN_RANGE_LOOP_ANALYSIS = YES;
				CLANG_WARN_STRICT_PROTOTYPES = YES;
				CLANG_WARN_SUSPICIOUS_MOVE = YES;
				CLANG_WARN_UNGUARDED_AVAILABILITY = YES_AGGRESSIVE;
				CLANG_WARN_UNREACHABLE_CODE = YES;
				CLANG_WARN__DUPLICATE_METHOD_MATCH = YES;
				CODE_SIGN_IDENTITY = "iPhone Developer";
				COPY_PHASE_STRIP = NO;
				DEBUG_INFORMATION_FORMAT = dwarf;
				ENABLE_STRICT_OBJC_MSGSEND = YES;
				ENABLE_TESTABILITY = YES;
				GCC_C_LANGUAGE_STANDARD = gnu11;
				GCC_DYNAMIC_NO_PIC = NO;
				GCC_NO_COMMON_BLOCKS = YES;
				GCC_OPTIMIZATION_LEVEL = 0;
				GCC_PREPROCESSOR_DEFINITIONS = (
					"DEBUG=1",
					"$(inherited)",
				);
				GCC_WARN_64_TO_32_BIT_CONVERSION = YES;
				GCC_WARN_ABOUT_RETURN_TYPE = YES_ERROR;
				GCC_WARN_UNDECLARED_SELECTOR = YES;
				GCC_WARN_UNINITIALIZED_AUTOS = YES_AGGRESSIVE;
				GCC_WARN_UNUSED_FUNCTION = YES;
				GCC_WARN_UNUSED_VARIABLE = YES;
				IPHONEOS_DEPLOYMENT_TARGET = 11.3;
				MTL_ENABLE_DEBUG_INFO = YES;
				ONLY_ACTIVE_ARCH = YES;
				SDKROOT = iphoneos;
				SWIFT_ACTIVE_COMPILATION_CONDITIONS = DEBUG;
				SWIFT_OPTIMIZATION_LEVEL = "-Onone";
			};
			name = Debug;
		};
		041A5D3D22AF889000AF127B /* Release */ = {
			isa = XCBuildConfiguration;
			buildSettings = {
				ALWAYS_SEARCH_USER_PATHS = NO;
				CLANG_ANALYZER_NONNULL = YES;
				CLANG_ANALYZER_NUMBER_OBJECT_CONVERSION = YES_AGGRESSIVE;
				CLANG_CXX_LANGUAGE_STANDARD = "gnu++14";
				CLANG_CXX_LIBRARY = "libc++";
				CLANG_ENABLE_MODULES = YES;
				CLANG_ENABLE_OBJC_ARC = YES;
				CLANG_ENABLE_OBJC_WEAK = YES;
				CLANG_WARN_BLOCK_CAPTURE_AUTORELEASING = YES;
				CLANG_WARN_BOOL_CONVERSION = YES;
				CLANG_WARN_COMMA = YES;
				CLANG_WARN_CONSTANT_CONVERSION = YES;
				CLANG_WARN_DEPRECATED_OBJC_IMPLEMENTATIONS = YES;
				CLANG_WARN_DIRECT_OBJC_ISA_USAGE = YES_ERROR;
				CLANG_WARN_DOCUMENTATION_COMMENTS = YES;
				CLANG_WARN_EMPTY_BODY = YES;
				CLANG_WARN_ENUM_CONVERSION = YES;
				CLANG_WARN_INFINITE_RECURSION = YES;
				CLANG_WARN_INT_CONVERSION = YES;
				CLANG_WARN_NON_LITERAL_NULL_CONVERSION = YES;
				CLANG_WARN_OBJC_IMPLICIT_RETAIN_SELF = YES;
				CLANG_WARN_OBJC_LITERAL_CONVERSION = YES;
				CLANG_WARN_OBJC_ROOT_CLASS = YES_ERROR;
				CLANG_WARN_RANGE_LOOP_ANALYSIS = YES;
				CLANG_WARN_STRICT_PROTOTYPES = YES;
				CLANG_WARN_SUSPICIOUS_MOVE = YES;
				CLANG_WARN_UNGUARDED_AVAILABILITY = YES_AGGRESSIVE;
				CLANG_WARN_UNREACHABLE_CODE = YES;
				CLANG_WARN__DUPLICATE_METHOD_MATCH = YES;
				CODE_SIGN_IDENTITY = "iPhone Developer";
				COPY_PHASE_STRIP = NO;
				DEBUG_INFORMATION_FORMAT = "dwarf-with-dsym";
				ENABLE_NS_ASSERTIONS = NO;
				ENABLE_STRICT_OBJC_MSGSEND = YES;
				GCC_C_LANGUAGE_STANDARD = gnu11;
				GCC_NO_COMMON_BLOCKS = YES;
				GCC_WARN_64_TO_32_BIT_CONVERSION = YES;
				GCC_WARN_ABOUT_RETURN_TYPE = YES_ERROR;
				GCC_WARN_UNDECLARED_SELECTOR = YES;
				GCC_WARN_UNINITIALIZED_AUTOS = YES_AGGRESSIVE;
				GCC_WARN_UNUSED_FUNCTION = YES;
				GCC_WARN_UNUSED_VARIABLE = YES;
				IPHONEOS_DEPLOYMENT_TARGET = 11.3;
				MTL_ENABLE_DEBUG_INFO = NO;
				SDKROOT = iphoneos;
				SWIFT_COMPILATION_MODE = wholemodule;
				SWIFT_OPTIMIZATION_LEVEL = "-O";
				VALIDATE_PRODUCT = YES;
			};
			name = Release;
		};
		041A5D3F22AF889000AF127B /* Debug */ = {
			isa = XCBuildConfiguration;
			buildSettings = {
				ASSETCATALOG_COMPILER_APPICON_NAME = AppIcon;
				CODE_SIGN_STYLE = Automatic;
				INFOPLIST_FILE = imageViewAndURL/Info.plist;
				LD_RUNPATH_SEARCH_PATHS = (
					"$(inherited)",
					"@executable_path/Frameworks",
				);
				PRODUCT_BUNDLE_IDENTIFIER = ssj.imageViewAndURL;
				PRODUCT_NAME = "$(TARGET_NAME)";
				SWIFT_VERSION = 4.0;
				TARGETED_DEVICE_FAMILY = "1,2";
			};
			name = Debug;
		};
		041A5D4022AF889000AF127B /* Release */ = {
			isa = XCBuildConfiguration;
			buildSettings = {
				ASSETCATALOG_COMPILER_APPICON_NAME = AppIcon;
				CODE_SIGN_STYLE = Automatic;
				INFOPLIST_FILE = imageViewAndURL/Info.plist;
				LD_RUNPATH_SEARCH_PATHS = (
					"$(inherited)",
					"@executable_path/Frameworks",
				);
				PRODUCT_BUNDLE_IDENTIFIER = ssj.imageViewAndURL;
				PRODUCT_NAME = "$(TARGET_NAME)";
				SWIFT_VERSION = 4.0;
				TARGETED_DEVICE_FAMILY = "1,2";
			};
			name = Release;
		};
		041A5D4222AF889000AF127B /* Debug */ = {
			isa = XCBuildConfiguration;
			buildSettings = {
				ALWAYS_EMBED_SWIFT_STANDARD_LIBRARIES = YES;
				BUNDLE_LOADER = "$(TEST_HOST)";
				CODE_SIGN_STYLE = Automatic;
				INFOPLIST_FILE = imageViewAndURLTests/Info.plist;
				LD_RUNPATH_SEARCH_PATHS = (
					"$(inherited)",
					"@executable_path/Frameworks",
					"@loader_path/Frameworks",
				);
				PRODUCT_BUNDLE_IDENTIFIER = ssj.imageViewAndURLTests;
				PRODUCT_NAME = "$(TARGET_NAME)";
				SWIFT_VERSION = 4.0;
				TARGETED_DEVICE_FAMILY = "1,2";
				TEST_HOST = "$(BUILT_PRODUCTS_DIR)/imageViewAndURL.app/imageViewAndURL";
			};
			name = Debug;
		};
		041A5D4322AF889000AF127B /* Release */ = {
			isa = XCBuildConfiguration;
			buildSettings = {
				ALWAYS_EMBED_SWIFT_STANDARD_LIBRARIES = YES;
				BUNDLE_LOADER = "$(TEST_HOST)";
				CODE_SIGN_STYLE = Automatic;
				INFOPLIST_FILE = imageViewAndURLTests/Info.plist;
				LD_RUNPATH_SEARCH_PATHS = (
					"$(inherited)",
					"@executable_path/Frameworks",
					"@loader_path/Frameworks",
				);
				PRODUCT_BUNDLE_IDENTIFIER = ssj.imageViewAndURLTests;
				PRODUCT_NAME = "$(TARGET_NAME)";
				SWIFT_VERSION = 4.0;
				TARGETED_DEVICE_FAMILY = "1,2";
				TEST_HOST = "$(BUILT_PRODUCTS_DIR)/imageViewAndURL.app/imageViewAndURL";
			};
			name = Release;
		};
		041A5D4522AF889000AF127B /* Debug */ = {
			isa = XCBuildConfiguration;
			buildSettings = {
				ALWAYS_EMBED_SWIFT_STANDARD_LIBRARIES = YES;
				CODE_SIGN_STYLE = Automatic;
				INFOPLIST_FILE = imageViewAndURLUITests/Info.plist;
				LD_RUNPATH_SEARCH_PATHS = (
					"$(inherited)",
					"@executable_path/Frameworks",
					"@loader_path/Frameworks",
				);
				PRODUCT_BUNDLE_IDENTIFIER = ssj.imageViewAndURLUITests;
				PRODUCT_NAME = "$(TARGET_NAME)";
				SWIFT_VERSION = 4.0;
				TARGETED_DEVICE_FAMILY = "1,2";
				TEST_TARGET_NAME = imageViewAndURL;
			};
			name = Debug;
		};
		041A5D4622AF889000AF127B /* Release */ = {
			isa = XCBuildConfiguration;
			buildSettings = {
				ALWAYS_EMBED_SWIFT_STANDARD_LIBRARIES = YES;
				CODE_SIGN_STYLE = Automatic;
				INFOPLIST_FILE = imageViewAndURLUITests/Info.plist;
				LD_RUNPATH_SEARCH_PATHS = (
					"$(inherited)",
					"@executable_path/Frameworks",
					"@loader_path/Frameworks",
				);
				PRODUCT_BUNDLE_IDENTIFIER = ssj.imageViewAndURLUITests;
				PRODUCT_NAME = "$(TARGET_NAME)";
				SWIFT_VERSION = 4.0;
				TARGETED_DEVICE_FAMILY = "1,2";
				TEST_TARGET_NAME = imageViewAndURL;
			};
			name = Release;
		};
/* End XCBuildConfiguration section */

/* Begin XCConfigurationList section */
		041A5D1122AF888F00AF127B /* Build configuration list for PBXProject "imageViewAndURL" */ = {
			isa = XCConfigurationList;
			buildConfigurations = (
				041A5D3C22AF889000AF127B /* Debug */,
				041A5D3D22AF889000AF127B /* Release */,
			);
			defaultConfigurationIsVisible = 0;
			defaultConfigurationName = Release;
		};
		041A5D3E22AF889000AF127B /* Build configuration list for PBXNativeTarget "imageViewAndURL" */ = {
			isa = XCConfigurationList;
			buildConfigurations = (
				041A5D3F22AF889000AF127B /* Debug */,
				041A5D4022AF889000AF127B /* Release */,
			);
			defaultConfigurationIsVisible = 0;
			defaultConfigurationName = Release;
		};
		041A5D4122AF889000AF127B /* Build configuration list for PBXNativeTarget "imageViewAndURLTests" */ = {
			isa = XCConfigurationList;
			buildConfigurations = (
				041A5D4222AF889000AF127B /* Debug */,
				041A5D4322AF889000AF127B /* Release */,
			);
			defaultConfigurationIsVisible = 0;
			defaultConfigurationName = Release;
		};
		041A5D4422AF889000AF127B /* Build configuration list for PBXNativeTarget "imageViewAndURLUITests" */ = {
			isa = XCConfigurationList;
			buildConfigurations = (
				041A5D4522AF889000AF127B /* Debug */,
				041A5D4622AF889000AF127B /* Release */,
			);
			defaultConfigurationIsVisible = 0;
			defaultConfigurationName = Release;
		};
/* End XCConfigurationList section */
	};
	rootObject = 041A5D0E22AF888F00AF127B /* Project object */;
}
